
Microsoft Visual Studio Solution File, Format Version 12.00
# Visual Studio 15
VisualStudioVersion = 15.0.26430.13
MinimumVisualStudioVersion = 10.0.40219.1
Project("{FAE04EC0-301F-11D3-BF4B-00C04F79EFBC}") = "Portales.Web", "Portales\Portales.Web.csproj", "{E0481592-41A3-400F-9FCC-21993004F274}"
EndProject
Project("{FAE04EC0-301F-11D3-BF4B-00C04F79EFBC}") = "Portales.Dal", "DataLayer\Portales.Dal.csproj", "{E8281874-846E-4A28-A2C3-0E53459CC01E}"
EndProject
Project("{FAE04EC0-301F-11D3-BF4B-00C04F79EFBC}") = "Portales.Repositorio", "RepositoryLayer\Portales.Repositorio.csproj", "{DE95BEEB-5D0E-4E21-85CD-72828095C319}"
EndProject
Project("{FAE04EC0-301F-11D3-BF4B-00C04F79EFBC}") = "Portales.Servicio", "DomainLayer\Portales.Servicio.csproj", "{1BD5A78B-3BC5-4F3A-B6B8-965C8A69E424}"
EndProject
Project("{FAE04EC0-301F-11D3-BF4B-00C04F79EFBC}") = "Portales.Api", "PortalesWebApi\Portales.Api.csproj", "{73E58A7C-A0A9-4E55-8A52-146E64F112CD}"
EndProject
Project("{FAE04EC0-301F-11D3-BF4B-00C04F79EFBC}") = "Portales.Dto", "Portales.Dto\Portales.Dto.csproj", "{C7129D38-051A-43DA-826A-842714FC5C9A}"
EndProject
Global
	GlobalSection(SolutionConfigurationPlatforms) = preSolution
		Debug|Any CPU = Debug|Any CPU
		Release|Any CPU = Release|Any CPU
	EndGlobalSection
	GlobalSection(ProjectConfigurationPlatforms) = postSolution
		{E0481592-41A3-400F-9FCC-21993004F274}.Debug|Any CPU.ActiveCfg = Debug|Any CPU
		{E0481592-41A3-400F-9FCC-21993004F274}.Debug|Any CPU.Build.0 = Debug|Any CPU
		{E0481592-41A3-400F-9FCC-21993004F274}.Release|Any CPU.ActiveCfg = Release|Any CPU
		{E0481592-41A3-400F-9FCC-21993004F274}.Release|Any CPU.Build.0 = Release|Any CPU
		{E8281874-846E-4A28-A2C3-0E53459CC01E}.Debug|Any CPU.ActiveCfg = Debug|Any CPU
		{E8281874-846E-4A28-A2C3-0E53459CC01E}.Debug|Any CPU.Build.0 = Debug|Any CPU
		{E8281874-846E-4A28-A2C3-0E53459CC01E}.Release|Any CPU.ActiveCfg = Release|Any CPU
		{E8281874-846E-4A28-A2C3-0E53459CC01E}.Release|Any CPU.Build.0 = Release|Any CPU
		{DE95BEEB-5D0E-4E21-85CD-72828095C319}.Debug|Any CPU.ActiveCfg = Debug|Any CPU
		{DE95BEEB-5D0E-4E21-85CD-72828095C319}.Debug|Any CPU.Build.0 = Debug|Any CPU
		{DE95BEEB-5D0E-4E21-85CD-72828095C319}.Release|Any CPU.ActiveCfg = Release|Any CPU
		{DE95BEEB-5D0E-4E21-85CD-72828095C319}.Release|Any CPU.Build.0 = Release|Any CPU
		{1BD5A78B-3BC5-4F3A-B6B8-965C8A69E424}.Debug|Any CPU.ActiveCfg = Debug|Any CPU
		{1BD5A78B-3BC5-4F3A-B6B8-965C8A69E424}.Debug|Any CPU.Build.0 = Debug|Any CPU
		{1BD5A78B-3BC5-4F3A-B6B8-965C8A69E424}.Release|Any CPU.ActiveCfg = Release|Any CPU
		{1BD5A78B-3BC5-4F3A-B6B8-965C8A69E424}.Release|Any CPU.Build.0 = Release|Any CPU
		{73E58A7C-A0A9-4E55-8A52-146E64F112CD}.Debug|Any CPU.ActiveCfg = Debug|Any CPU
		{73E58A7C-A0A9-4E55-8A52-146E64F112CD}.Debug|Any CPU.Build.0 = Debug|Any CPU
		{73E58A7C-A0A9-4E55-8A52-146E64F112CD}.Release|Any CPU.ActiveCfg = Release|Any CPU
		{73E58A7C-A0A9-4E55-8A52-146E64F112CD}.Release|Any CPU.Build.0 = Release|Any CPU
		{C7129D38-051A-43DA-826A-842714FC5C9A}.Debug|Any CPU.ActiveCfg = Debug|Any CPU
		{C7129D38-051A-43DA-826A-842714FC5C9A}.Debug|Any CPU.Build.0 = Debug|Any CPU
		{C7129D38-051A-43DA-826A-842714FC5C9A}.Release|Any CPU.ActiveCfg = Release|Any CPU
		{C7129D38-051A-43DA-826A-842714FC5C9A}.Release|Any CPU.Build.0 = Release|Any CPU
	EndGlobalSection
	GlobalSection(SolutionProperties) = preSolution
		HideSolutionNode = FALSE
	EndGlobalSection
	GlobalSection(ExtensibilityGlobals) = postSolution
		EnterpriseLibraryConfigurationToolBinariesPathV6 = packages\EnterpriseLibrary.Common.6.0.1304.0\lib\NET45;packages\EnterpriseLibrary.Logging.6.0.1304.0\lib\NET45;packages\EnterpriseLibrary.Data.6.0.1304.0\lib\NET45;packages\EnterpriseLibrary.Logging.Database.6.0.1304.0\lib\NET45
	EndGlobalSection
	GlobalSection(TeamFoundationVersionControl) = preSolution
		SccNumberOfProjects = 7
		SccEnterpriseProvider = {4CA58AB2-18FA-4F8D-95D4-32DDF27D184C}
		SccTeamFoundationServer = https://teamappsconcepcion.visualstudio.com/
		SccLocalPath0 = .
		SccProjectUniqueName1 = DataLayer\\Portales.Dal.csproj
		SccProjectName1 = DataLayer
		SccLocalPath1 = DataLayer
		SccProjectUniqueName2 = DomainLayer\\Portales.Servicio.csproj
		SccProjectName2 = DomainLayer
		SccLocalPath2 = DomainLayer
		SccProjectUniqueName3 = Portales\\Portales.Web.csproj
		SccProjectName3 = Portales
		SccLocalPath3 = Portales
		SccProjectUniqueName4 = PortalesWebApi\\Portales.Api.csproj
		SccProjectName4 = PortalesWebApi
		SccLocalPath4 = PortalesWebApi
		SccProjectUniqueName5 = RepositoryLayer\\Portales.Repositorio.csproj
		SccProjectName5 = RepositoryLayer
		SccLocalPath5 = RepositoryLayer
		SccProjectUniqueName6 = Portales.Dto\\Portales.Dto.csproj
		SccProjectName6 = Portales.Dto
		SccLocalPath6 = Portales.Dto
	EndGlobalSection
EndGlobal
